
Microsoft Visual Studio Solution File, Format Version 12.00
# Visual Studio 15
VisualStudioVersion = 15.0.28010.2046
MinimumVisualStudioVersion = 10.0.40219.1
Project("{9A19103F-16F7-4668-BE54-9A1E7A4F7556}") = "Portfolio", "Portfolio\Portfolio.csproj", "{374F1F43-060A-488A-BD5C-B20D1539131A}"
EndProject
Project("{FAE04EC0-301F-11D3-BF4B-00C04F79EFBC}") = "Backend", "Backend\Backend.csproj", "{6A4BA0DF-7F08-479C-8721-04111EF9E018}"
EndProject
Global
	GlobalSection(SolutionConfigurationPlatforms) = preSolution
		Debug|Any CPU = Debug|Any CPU
		Release|Any CPU = Release|Any CPU
	EndGlobalSection
	GlobalSection(ProjectConfigurationPlatforms) = postSolution
		{374F1F43-060A-488A-BD5C-B20D1539131A}.Debug|Any CPU.ActiveCfg = Debug|Any CPU
		{374F1F43-060A-488A-BD5C-B20D1539131A}.Debug|Any CPU.Build.0 = Debug|Any CPU
		{374F1F43-060A-488A-BD5C-B20D1539131A}.Release|Any CPU.ActiveCfg = Release|Any CPU
		{374F1F43-060A-488A-BD5C-B20D1539131A}.Release|Any CPU.Build.0 = Release|Any CPU
		{6A4BA0DF-7F08-479C-8721-04111EF9E018}.Debug|Any CPU.ActiveCfg = Debug|Any CPU
		{6A4BA0DF-7F08-479C-8721-04111EF9E018}.Debug|Any CPU.Build.0 = Debug|Any CPU
		{6A4BA0DF-7F08-479C-8721-04111EF9E018}.Release|Any CPU.ActiveCfg = Release|Any CPU
		{6A4BA0DF-7F08-479C-8721-04111EF9E018}.Release|Any CPU.Build.0 = Release|Any CPU
	EndGlobalSection
	GlobalSection(SolutionProperties) = preSolution
		HideSolutionNode = FALSE
	EndGlobalSection
	GlobalSection(ExtensibilityGlobals) = postSolution
		SolutionGuid = {876D6606-9116-45CD-81EA-47DEA23F742F}
	EndGlobalSection
EndGlobal
